
Microsoft Visual Studio Solution File, Format Version 12.00
# Visual Studio 15
VisualStudioVersion = 15.0.28307.329
MinimumVisualStudioVersion = 10.0.40219.1
Project("{FAE04EC0-301F-11D3-BF4B-00C04F79EFBC}") = "MVC_Basic", "MVC_Basic\MVC_Basic.csproj", "{A98127B5-9AAF-4E0F-B1E5-02B8937BA338}"
EndProject
Project("{FAE04EC0-301F-11D3-BF4B-00C04F79EFBC}") = "Mvc_Example", "Mvc_Example\Mvc_Example.csproj", "{4D70FB84-0DCE-4F0D-9142-FEAB38C8B972}"
EndProject
Global
	GlobalSection(SolutionConfigurationPlatforms) = preSolution
		Debug|Any CPU = Debug|Any CPU
		Release|Any CPU = Release|Any CPU
	EndGlobalSection
	GlobalSection(ProjectConfigurationPlatforms) = postSolution
		{A98127B5-9AAF-4E0F-B1E5-02B8937BA338}.Debug|Any CPU.ActiveCfg = Debug|Any CPU
		{A98127B5-9AAF-4E0F-B1E5-02B8937BA338}.Debug|Any CPU.Build.0 = Debug|Any CPU
		{A98127B5-9AAF-4E0F-B1E5-02B8937BA338}.Release|Any CPU.ActiveCfg = Release|Any CPU
		{A98127B5-9AAF-4E0F-B1E5-02B8937BA338}.Release|Any CPU.Build.0 = Release|Any CPU
		{4D70FB84-0DCE-4F0D-9142-FEAB38C8B972}.Debug|Any CPU.ActiveCfg = Debug|Any CPU
		{4D70FB84-0DCE-4F0D-9142-FEAB38C8B972}.Debug|Any CPU.Build.0 = Debug|Any CPU
		{4D70FB84-0DCE-4F0D-9142-FEAB38C8B972}.Release|Any CPU.ActiveCfg = Release|Any CPU
		{4D70FB84-0DCE-4F0D-9142-FEAB38C8B972}.Release|Any CPU.Build.0 = Release|Any CPU
	EndGlobalSection
	GlobalSection(SolutionProperties) = preSolution
		HideSolutionNode = FALSE
	EndGlobalSection
	GlobalSection(ExtensibilityGlobals) = postSolution
		SolutionGuid = {04D45174-2C96-4AB8-89B5-8DAD02C8DC7C}
	EndGlobalSection
EndGlobal
